// !$*UTF8*$!
{
	archiveVersion = 1;
	classes = {
	};
	objectVersion = 50;
	objects = {

/* Begin PBXBuildFile section */
		C9446CFA241716EE0049E180 /* AppDelegate.swift in Sources */ = {isa = PBXBuildFile; fileRef = C9446CF9241716EE0049E180 /* AppDelegate.swift */; };
		C9446CFC241716EE0049E180 /* SceneDelegate.swift in Sources */ = {isa = PBXBuildFile; fileRef = C9446CFB241716EE0049E180 /* SceneDelegate.swift */; };
		C9446CFE241716EE0049E180 /* ViewController.swift in Sources */ = {isa = PBXBuildFile; fileRef = C9446CFD241716EE0049E180 /* ViewController.swift */; };
		C9446D01241716EE0049E180 /* Main.storyboard in Resources */ = {isa = PBXBuildFile; fileRef = C9446CFF241716EE0049E180 /* Main.storyboard */; };
		C9446D03241716F10049E180 /* Assets.xcassets in Resources */ = {isa = PBXBuildFile; fileRef = C9446D02241716F10049E180 /* Assets.xcassets */; };
		C9446D06241716F10049E180 /* LaunchScreen.storyboard in Resources */ = {isa = PBXBuildFile; fileRef = C9446D04241716F10049E180 /* LaunchScreen.storyboard */; };
		C9446D102418D3D80049E180 /* AppSelectionView.swift in Sources */ = {isa = PBXBuildFile; fileRef = C9446D0F2418D3D80049E180 /* AppSelectionView.swift */; };
		C95B26BD241AAF6F00A6AAE0 /* MHSurveyViewController.swift in Sources */ = {isa = PBXBuildFile; fileRef = C95B26BC241AAF6F00A6AAE0 /* MHSurveyViewController.swift */; };
		C9707D0F241A6E4F00AC6F93 /* CoreLocation.framework in Frameworks */ = {isa = PBXBuildFile; fileRef = C9707D0E241A6E4F00AC6F93 /* CoreLocation.framework */; };
/* End PBXBuildFile section */

/* Begin PBXFileReference section */
		C9446CF6241716EE0049E180 /* Mental Health App */ = {isa = PBXFileReference; explicitFileType = wrapper.application; includeInIndex = 0; name = "Mental Health App"; path = "../../../../../../../../Desktop/IE 431 Final Report/iOS App/Mental Health App"; sourceTree = BUILT_PRODUCTS_DIR; };
		C9446CF9241716EE0049E180 /* AppDelegate.swift */ = {isa = PBXFileReference; lastKnownFileType = sourcecode.swift; path = AppDelegate.swift; sourceTree = "<group>"; };
		C9446CFB241716EE0049E180 /* SceneDelegate.swift */ = {isa = PBXFileReference; lastKnownFileType = sourcecode.swift; path = SceneDelegate.swift; sourceTree = "<group>"; };
		C9446CFD241716EE0049E180 /* ViewController.swift */ = {isa = PBXFileReference; lastKnownFileType = sourcecode.swift; path = ViewController.swift; sourceTree = "<group>"; };
		C9446D00241716EE0049E180 /* Base */ = {isa = PBXFileReference; lastKnownFileType = file.storyboard; name = Base; path = Base.lproj/Main.storyboard; sourceTree = "<group>"; };
		C9446D02241716F10049E180 /* Assets.xcassets */ = {isa = PBXFileReference; lastKnownFileType = folder.assetcatalog; path = Assets.xcassets; sourceTree = "<group>"; };
		C9446D05241716F10049E180 /* Base */ = {isa = PBXFileReference; lastKnownFileType = file.storyboard; name = Base; path = Base.lproj/LaunchScreen.storyboard; sourceTree = "<group>"; };
		C9446D07241716F10049E180 /* Info.plist */ = {isa = PBXFileReference; lastKnownFileType = text.plist.xml; path = Info.plist; sourceTree = "<group>"; };
		C9446D0F2418D3D80049E180 /* AppSelectionView.swift */ = {isa = PBXFileReference; lastKnownFileType = sourcecode.swift; path = AppSelectionView.swift; sourceTree = "<group>"; };
		C95B26BC241AAF6F00A6AAE0 /* MHSurveyViewController.swift */ = {isa = PBXFileReference; lastKnownFileType = sourcecode.swift; path = MHSurveyViewController.swift; sourceTree = "<group>"; };
		C9707D0E241A6E4F00AC6F93 /* CoreLocation.framework */ = {isa = PBXFileReference; lastKnownFileType = wrapper.framework; name = CoreLocation.framework; path = System/Library/Frameworks/CoreLocation.framework; sourceTree = SDKROOT; };
/* End PBXFileReference section */

/* Begin PBXFrameworksBuildPhase section */
		C9446CF3241716EE0049E180 /* Frameworks */ = {
			isa = PBXFrameworksBuildPhase;
			buildActionMask = 2147483647;
			files = (
				C9707D0F241A6E4F00AC6F93 /* CoreLocation.framework in Frameworks */,
			);
			runOnlyForDeploymentPostprocessing = 0;
		};
/* End PBXFrameworksBuildPhase section */

/* Begin PBXGroup section */
		C9446CED241716EE0049E180 = {
			isa = PBXGroup;
			children = (
				C9446CF8241716EE0049E180 /* Mental Health App */,
				C9446CF7241716EE0049E180 /* Products */,
				C9707D0D241A6E4E00AC6F93 /* Frameworks */,
			);
			sourceTree = "<group>";
		};
		C9446CF7241716EE0049E180 /* Products */ = {
			isa = PBXGroup;
			children = (
				C9446CF6241716EE0049E180 /* Mental Health App */,
			);
			name = Products;
			sourceTree = "<group>";
		};
		C9446CF8241716EE0049E180 /* Mental Health App */ = {
			isa = PBXGroup;
			children = (
				C9446CF9241716EE0049E180 /* AppDelegate.swift */,
				C9446CFB241716EE0049E180 /* SceneDelegate.swift */,
				C9446CFD241716EE0049E180 /* ViewController.swift */,
				C9446CFF241716EE0049E180 /* Main.storyboard */,
				C9446D02241716F10049E180 /* Assets.xcassets */,
				C9446D04241716F10049E180 /* LaunchScreen.storyboard */,
				C9446D07241716F10049E180 /* Info.plist */,
				C9446D0F2418D3D80049E180 /* AppSelectionView.swift */,
				C95B26BC241AAF6F00A6AAE0 /* MHSurveyViewController.swift */,
			);
			path = "Mental Health App";
			sourceTree = "<group>";
		};
		C9707D0D241A6E4E00AC6F93 /* Frameworks */ = {
			isa = PBXGroup;
			children = (
				C9707D0E241A6E4F00AC6F93 /* CoreLocation.framework */,
			);
			name = Frameworks;
			sourceTree = "<group>";
		};
/* End PBXGroup section */

/* Begin PBXNativeTarget section */
		C9446CF5241716EE0049E180 /* Mental Health App */ = {
			isa = PBXNativeTarget;
			buildConfigurationList = C9446D0A241716F10049E180 /* Build configuration list for PBXNativeTarget "Mental Health App" */;
			buildPhases = (
				C9446CF2241716EE0049E180 /* Sources */,
				C9446CF3241716EE0049E180 /* Frameworks */,
				C9446CF4241716EE0049E180 /* Resources */,
			);
			buildRules = (
			);
			dependencies = (
			);
			name = "Mental Health App";
			productName = "Mental Health App";
			productReference = C9446CF6241716EE0049E180 /* Mental Health App */;
			productType = "com.apple.product-type.application";
		};
/* End PBXNativeTarget section */

/* Begin PBXProject section */
		C9446CEE241716EE0049E180 /* Project object */ = {
			isa = PBXProject;
			attributes = {
				LastSwiftUpdateCheck = 1130;
				LastUpgradeCheck = 1210;
				ORGANIZATIONNAME = "Belen Carrasco";
				TargetAttributes = {
					C9446CF5241716EE0049E180 = {
						CreatedOnToolsVersion = 11.3.1;
					};
				};
			};
			buildConfigurationList = C9446CF1241716EE0049E180 /* Build configuration list for PBXProject "Mental Health App" */;
			compatibilityVersion = "Xcode 9.3";
			developmentRegion = en;
			hasScannedForEncodings = 0;
			knownRegions = (
				en,
				Base,
			);
			mainGroup = C9446CED241716EE0049E180;
			productRefGroup = C9446CF7241716EE0049E180 /* Products */;
			projectDirPath = "";
			projectRoot = "";
			targets = (
				C9446CF5241716EE0049E180 /* Mental Health App */,
			);
		};
/* End PBXProject section */

/* Begin PBXResourcesBuildPhase section */
		C9446CF4241716EE0049E180 /* Resources */ = {
			isa = PBXResourcesBuildPhase;
			buildActionMask = 2147483647;
			files = (
				C9446D06241716F10049E180 /* LaunchScreen.storyboard in Resources */,
				C9446D03241716F10049E180 /* Assets.xcassets in Resources */,
				C9446D01241716EE0049E180 /* Main.storyboard in Resources */,
			);
			runOnlyForDeploymentPostprocessing = 0;
		};
/* End PBXResourcesBuildPhase section */

/* Begin PBXSourcesBuildPhase section */
		C9446CF2241716EE0049E180 /* Sources */ = {
			isa = PBXSourcesBuildPhase;
			buildActionMask = 2147483647;
			files = (
				C9446CFE241716EE0049E180 /* ViewController.swift in Sources */,
				C9446CFA241716EE0049E180 /* AppDelegate.swift in Sources */,
				C9446CFC241716EE0049E180 /* SceneDelegate.swift in Sources */,
				C9446D102418D3D80049E180 /* AppSelectionView.swift in Sources */,
				C95B26BD241AAF6F00A6AAE0 /* MHSurveyViewController.swift in Sources */,
			);
			runOnlyForDeploymentPostprocessing = 0;
		};
/* End PBXSourcesBuildPhase section */

/* Begin PBXVariantGroup section */
		C9446CFF241716EE0049E180 /* Main.storyboard */ = {
			isa = PBXVariantGroup;
			children = (
				C9446D00241716EE0049E180 /* Base */,
			);
			name = Main.storyboard;
			sourceTree = "<group>";
		};
		C9446D04241716F10049E180 /* LaunchScreen.storyboard */ = {
			isa = PBXVariantGroup;
			children = (
				C9446D05241716F10049E180 /* Base */,
			);
			name = LaunchScreen.storyboard;
			sourceTree = "<group>";
		};
/* End PBXVariantGroup section */

/* Begin XCBuildConfiguration section */
		C9446D08241716F10049E180 /* Debug */ = {
			isa = XCBuildConfiguration;
			buildSettings = {
				ALWAYS_SEARCH_USER_PATHS = NO;
				CLANG_ANALYZER_NONNULL = YES;
				CLANG_ANALYZER_NUMBER_OBJECT_CONVERSION = YES_AGGRESSIVE;
				CLANG_CXX_LANGUAGE_STANDARD = "gnu++14";
				CLANG_CXX_LIBRARY = "libc++";
				CLANG_ENABLE_MODULES = YES;
				CLANG_ENABLE_OBJC_ARC = YES;
				CLANG_ENABLE_OBJC_WEAK = YES;
				CLANG_WARN_BLOCK_CAPTURE_AUTORELEASING = YES;
				CLANG_WARN_BOOL_CONVERSION = YES;
				CLANG_WARN_COMMA = YES;
				CLANG_WARN_CONSTANT_CONVERSION = YES;
				CLANG_WARN_DEPRECATED_OBJC_IMPLEMENTATIONS = YES;
				CLANG_WARN_DIRECT_OBJC_ISA_USAGE = YES_ERROR;
				CLANG_WARN_DOCUMENTATION_COMMENTS = YES;
				CLANG_WARN_EMPTY_BODY = YES;
				CLANG_WARN_ENUM_CONVERSION = YES;
				CLANG_WARN_INFINITE_RECURSION = YES;
				CLANG_WARN_INT_CONVERSION = YES;
				CLANG_WARN_NON_LITERAL_NULL_CONVERSION = YES;
				CLANG_WARN_OBJC_IMPLICIT_RETAIN_SELF = YES;
				CLANG_WARN_OBJC_LITERAL_CONVERSION = YES;
				CLANG_WARN_OBJC_ROOT_CLASS = YES_ERROR;
				CLANG_WARN_QUOTED_INCLUDE_IN_FRAMEWORK_HEADER = YES;
				CLANG_WARN_RANGE_LOOP_ANALYSIS = YES;
				CLANG_WARN_STRICT_PROTOTYPES = YES;
				CLANG_WARN_SUSPICIOUS_MOVE = YES;
				CLANG_WARN_UNGUARDED_AVAILABILITY = YES_AGGRESSIVE;
				CLANG_WARN_UNREACHABLE_CODE = YES;
				CLANG_WARN__DUPLICATE_METHOD_MATCH = YES;
				COPY_PHASE_STRIP = NO;
				DEBUG_INFORMATION_FORMAT = dwarf;
				ENABLE_STRICT_OBJC_MSGSEND = YES;
				ENABLE_TESTABILITY = YES;
				GCC_C_LANGUAGE_STANDARD = gnu11;
				GCC_DYNAMIC_NO_PIC = NO;
				GCC_NO_COMMON_BLOCKS = YES;
				GCC_OPTIMIZATION_LEVEL = 0;
				GCC_PREPROCESSOR_DEFINITIONS = (
					"DEBUG=1",
					"$(inherited)",
				);
				GCC_WARN_64_TO_32_BIT_CONVERSION = YES;
				GCC_WARN_ABOUT_RETURN_TYPE = YES_ERROR;
				GCC_WARN_UNDECLARED_SELECTOR = YES;
				GCC_WARN_UNINITIALIZED_AUTOS = YES_AGGRESSIVE;
				GCC_WARN_UNUSED_FUNCTION = YES;
				GCC_WARN_UNUSED_VARIABLE = YES;
				IPHONEOS_DEPLOYMENT_TARGET = 13.2;
				MTL_ENABLE_DEBUG_INFO = INCLUDE_SOURCE;
				MTL_FAST_MATH = YES;
				ONLY_ACTIVE_ARCH = YES;
				SDKROOT = iphoneos;
				SWIFT_ACTIVE_COMPILATION_CONDITIONS = DEBUG;
				SWIFT_OPTIMIZATION_LEVEL = "-Onone";
			};
			name = Debug;
		};
		C9446D09241716F10049E180 /* Release */ = {
			isa = XCBuildConfiguration;
			buildSettings = {
				ALWAYS_SEARCH_USER_PATHS = NO;
				CLANG_ANALYZER_NONNULL = YES;
				CLANG_ANALYZER_NUMBER_OBJECT_CONVERSION = YES_AGGRESSIVE;
				CLANG_CXX_LANGUAGE_STANDARD = "gnu++14";
				CLANG_CXX_LIBRARY = "libc++";
				CLANG_ENABLE_MODULES = YES;
				CLANG_ENABLE_OBJC_ARC = YES;
				CLANG_ENABLE_OBJC_WEAK = YES;
				CLANG_WARN_BLOCK_CAPTURE_AUTORELEASING = YES;
				CLANG_WARN_BOOL_CONVERSION = YES;
				CLANG_WARN_COMMA = YES;
				CLANG_WARN_CONSTANT_CONVERSION = YES;
				CLANG_WARN_DEPRECATED_OBJC_IMPLEMENTATIONS = YES;
				CLANG_WARN_DIRECT_OBJC_ISA_USAGE = YES_ERROR;
				CLANG_WARN_DOCUMENTATION_COMMENTS = YES;
				CLANG_WARN_EMPTY_BODY = YES;
				CLANG_WARN_ENUM_CONVERSION = YES;
				CLANG_WARN_INFINITE_RECURSION = YES;
				CLANG_WARN_INT_CONVERSION = YES;
				CLANG_WARN_NON_LITERAL_NULL_CONVERSION = YES;
				CLANG_WARN_OBJC_IMPLICIT_RETAIN_SELF = YES;
				CLANG_WARN_OBJC_LITERAL_CONVERSION = YES;
				CLANG_WARN_OBJC_ROOT_CLASS = YES_ERROR;
				CLANG_WARN_QUOTED_INCLUDE_IN_FRAMEWORK_HEADER = YES;
				CLANG_WARN_RANGE_LOOP_ANALYSIS = YES;
				CLANG_WARN_STRICT_PROTOTYPES = YES;
				CLANG_WARN_SUSPICIOUS_MOVE = YES;
				CLANG_WARN_UNGUARDED_AVAILABILITY = YES_AGGRESSIVE;
				CLANG_WARN_UNREACHABLE_CODE = YES;
				CLANG_WARN__DUPLICATE_METHOD_MATCH = YES;
				COPY_PHASE_STRIP = NO;
				DEBUG_INFORMATION_FORMAT = "dwarf-with-dsym";
				ENABLE_NS_ASSERTIONS = NO;
				ENABLE_STRICT_OBJC_MSGSEND = YES;
				GCC_C_LANGUAGE_STANDARD = gnu11;
				GCC_NO_COMMON_BLOCKS = YES;
				GCC_WARN_64_TO_32_BIT_CONVERSION = YES;
				GCC_WARN_ABOUT_RETURN_TYPE = YES_ERROR;
				GCC_WARN_UNDECLARED_SELECTOR = YES;
				GCC_WARN_UNINITIALIZED_AUTOS = YES_AGGRESSIVE;
				GCC_WARN_UNUSED_FUNCTION = YES;
				GCC_WARN_UNUSED_VARIABLE = YES;
				IPHONEOS_DEPLOYMENT_TARGET = 13.2;
				MTL_ENABLE_DEBUG_INFO = NO;
				MTL_FAST_MATH = YES;
				SDKROOT = iphoneos;
				SWIFT_COMPILATION_MODE = wholemodule;
				SWIFT_OPTIMIZATION_LEVEL = "-O";
				VALIDATE_PRODUCT = YES;
			};
			name = Release;
		};
		C9446D0B241716F10049E180 /* Debug */ = {
			isa = XCBuildConfiguration;
			buildSettings = {
				ASSETCATALOG_COMPILER_APPICON_NAME = AppIcon;
				CODE_SIGN_STYLE = Automatic;
				DEVELOPMENT_TEAM = FH95224Y7P;
				INFOPLIST_FILE = "Mental Health App/Info.plist";
				LD_RUNPATH_SEARCH_PATHS = (
					"$(inherited)",
					"@executable_path/Frameworks",
				);
				PRODUCT_BUNDLE_IDENTIFIER = "com.BelenCarrasco-.Mental-Health-App";
				PRODUCT_NAME = "$(TARGET_NAME)";
				SWIFT_VERSION = 5.0;
				TARGETED_DEVICE_FAMILY = 1;
			};
			name = Debug;
		};
		C9446D0C241716F10049E180 /* Release */ = {
			isa = XCBuildConfiguration;
			buildSettings = {
				ASSETCATALOG_COMPILER_APPICON_NAME = AppIcon;
				CODE_SIGN_STYLE = Automatic;
				DEVELOPMENT_TEAM = FH95224Y7P;
				INFOPLIST_FILE = "Mental Health App/Info.plist";
				LD_RUNPATH_SEARCH_PATHS = (
					"$(inherited)",
					"@executable_path/Frameworks",
				);
				PRODUCT_BUNDLE_IDENTIFIER = "com.BelenCarrasco-.Mental-Health-App";
				PRODUCT_NAME = "$(TARGET_NAME)";
				SWIFT_VERSION = 5.0;
				TARGETED_DEVICE_FAMILY = 1;
			};
			name = Release;
		};
/* End XCBuildConfiguration section */

/* Begin XCConfigurationList section */
		C9446CF1241716EE0049E180 /* Build configuration list for PBXProject "Mental Health App" */ = {
			isa = XCConfigurationList;
			buildConfigurations = (
				C9446D08241716F10049E180 /* Debug */,
				C9446D09241716F10049E180 /* Release */,
			);
			defaultConfigurationIsVisible = 0;
			defaultConfigurationName = Release;
		};
		C9446D0A241716F10049E180 /* Build configuration list for PBXNativeTarget "Mental Health App" */ = {
			isa = XCConfigurationList;
			buildConfigurations = (
				C9446D0B241716F10049E180 /* Debug */,
				C9446D0C241716F10049E180 /* Release */,
			);
			defaultConfigurationIsVisible = 0;
			defaultConfigurationName = Release;
		};
/* End XCConfigurationList section */
	};
	rootObject = C9446CEE241716EE0049E180 /* Project object */;
}
